
Microsoft Visual Studio Solution File, Format Version 12.00
# Visual Studio Version 16
VisualStudioVersion = 16.0.29424.173
MinimumVisualStudioVersion = 10.0.40219.1
Project("{E24C65DC-7377-472B-9ABA-BC803B73C61A}") = "Online-Job-Portal-Project", ".", "{ED36FCA9-7BC4-4CA3-B525-0F1E3FA7D10E}"
	ProjectSection(WebsiteProperties) = preProject
		TargetFrameworkMoniker = ".NETFramework,Version%3Dv4.0"
		Debug.AspNetCompiler.VirtualPath = "/localhost_49418"
		Debug.AspNetCompiler.PhysicalPath = "..\..\..\..\..\project\Online-Job-Portal-Project\"
		Debug.AspNetCompiler.TargetPath = "PrecompiledWeb\localhost_49418\"
		Debug.AspNetCompiler.Updateable = "true"
		Debug.AspNetCompiler.ForceOverwrite = "true"
		Debug.AspNetCompiler.FixedNames = "false"
		Debug.AspNetCompiler.Debug = "True"
		Release.AspNetCompiler.VirtualPath = "/localhost_49418"
		Release.AspNetCompiler.PhysicalPath = "..\..\..\..\..\project\Online-Job-Portal-Project\"
		Release.AspNetCompiler.TargetPath = "PrecompiledWeb\localhost_49418\"
		Release.AspNetCompiler.Updateable = "true"
		Release.AspNetCompiler.ForceOverwrite = "true"
		Release.AspNetCompiler.FixedNames = "false"
		Release.AspNetCompiler.Debug = "False"
		VWDPort = "49418"
	EndProjectSection
EndProject
Global
	GlobalSection(SolutionConfigurationPlatforms) = preSolution
		Debug|Any CPU = Debug|Any CPU
	EndGlobalSection
	GlobalSection(ProjectConfigurationPlatforms) = postSolution
		{ED36FCA9-7BC4-4CA3-B525-0F1E3FA7D10E}.Debug|Any CPU.ActiveCfg = Debug|Any CPU
		{ED36FCA9-7BC4-4CA3-B525-0F1E3FA7D10E}.Debug|Any CPU.Build.0 = Debug|Any CPU
	EndGlobalSection
	GlobalSection(SolutionProperties) = preSolution
		HideSolutionNode = FALSE
	EndGlobalSection
	GlobalSection(ExtensibilityGlobals) = postSolution
		SolutionGuid = {5FF2519E-8802-485E-96D5-79E06491F8FD}
	EndGlobalSection
EndGlobal
